
Microsoft Visual Studio Solution File, Format Version 12.00
# Visual Studio Version 16
VisualStudioVersion = 16.0.30804.86
MinimumVisualStudioVersion = 10.0.40219.1
Project("{9A19103F-16F7-4668-BE54-9A1E7A4F7556}") = "CollectionApp.WEB", "CollectionApp.WEB\CollectionApp.WEB.csproj", "{1060A22B-B6B7-4E19-9AEA-1DBE5F8266E8}"
EndProject
Project("{9A19103F-16F7-4668-BE54-9A1E7A4F7556}") = "CollectionApp.DAL", "CollectionApp.DAL\CollectionApp.DAL.csproj", "{B380BF59-3CED-453C-B189-1C1BB0F3C5FE}"
EndProject
Project("{9A19103F-16F7-4668-BE54-9A1E7A4F7556}") = "CollectionApp.BLL", "CollectionApp.BLL\CollectionApp.BLL.csproj", "{8A924C84-6C87-4444-B46E-792AD730972F}"
EndProject
Global
	GlobalSection(SolutionConfigurationPlatforms) = preSolution
		Debug|Any CPU = Debug|Any CPU
		Release|Any CPU = Release|Any CPU
	EndGlobalSection
	GlobalSection(ProjectConfigurationPlatforms) = postSolution
		{1060A22B-B6B7-4E19-9AEA-1DBE5F8266E8}.Debug|Any CPU.ActiveCfg = Debug|Any CPU
		{1060A22B-B6B7-4E19-9AEA-1DBE5F8266E8}.Debug|Any CPU.Build.0 = Debug|Any CPU
		{1060A22B-B6B7-4E19-9AEA-1DBE5F8266E8}.Release|Any CPU.ActiveCfg = Release|Any CPU
		{1060A22B-B6B7-4E19-9AEA-1DBE5F8266E8}.Release|Any CPU.Build.0 = Release|Any CPU
		{B380BF59-3CED-453C-B189-1C1BB0F3C5FE}.Debug|Any CPU.ActiveCfg = Debug|Any CPU
		{B380BF59-3CED-453C-B189-1C1BB0F3C5FE}.Debug|Any CPU.Build.0 = Debug|Any CPU
		{B380BF59-3CED-453C-B189-1C1BB0F3C5FE}.Release|Any CPU.ActiveCfg = Release|Any CPU
		{B380BF59-3CED-453C-B189-1C1BB0F3C5FE}.Release|Any CPU.Build.0 = Release|Any CPU
		{8A924C84-6C87-4444-B46E-792AD730972F}.Debug|Any CPU.ActiveCfg = Debug|Any CPU
		{8A924C84-6C87-4444-B46E-792AD730972F}.Debug|Any CPU.Build.0 = Debug|Any CPU
		{8A924C84-6C87-4444-B46E-792AD730972F}.Release|Any CPU.ActiveCfg = Release|Any CPU
		{8A924C84-6C87-4444-B46E-792AD730972F}.Release|Any CPU.Build.0 = Release|Any CPU
	EndGlobalSection
	GlobalSection(SolutionProperties) = preSolution
		HideSolutionNode = FALSE
	EndGlobalSection
	GlobalSection(ExtensibilityGlobals) = postSolution
		SolutionGuid = {3F7299CC-C364-43A6-9A2C-AA31F0E6C6BD}
	EndGlobalSection
EndGlobal
